
Microsoft Visual Studio Solution File, Format Version 12.00
# Visual Studio Version 17
VisualStudioVersion = 17.0.32014.148
MinimumVisualStudioVersion = 10.0.40219.1
Project("{9A19103F-16F7-4668-BE54-9A1E7A4F7556}") = "CsTilengine", "CsTilengine\CsTilengine.csproj", "{59C171B2-3FD8-4C9C-9D4B-FADB320E10BC}"
EndProject
Project("{2150E333-8FDC-42A3-9474-1A3956D46DE8}") = "Samples", "Samples", "{89D86FEA-0AB4-48F5-93CE-6D0B113A2656}"
EndProject
Project("{9A19103F-16F7-4668-BE54-9A1E7A4F7556}") = "Platformer", "Samples\Platformer\Platformer.csproj", "{D86F649B-9B77-4889-9BB5-5FC286607A04}"
EndProject
Project("{FAE04EC0-301F-11D3-BF4B-00C04F79EFBC}") = "Barrel", "Samples\Barrel\Barrel.csproj", "{4F1F0F37-A361-4944-8477-062EB90AC031}"
EndProject
Project("{FAE04EC0-301F-11D3-BF4B-00C04F79EFBC}") = "Benchmark", "Samples\Benchmark\Benchmark.csproj", "{BF75BCF9-1860-478E-B5DF-FC037EB6F09D}"
EndProject
Project("{9A19103F-16F7-4668-BE54-9A1E7A4F7556}") = "ColorCycle", "Samples\ColorCycle\ColorCycle.csproj", "{030DD4C5-E7EB-4B2A-B8AB-AE3FE31EC781}"
EndProject
Project("{FAE04EC0-301F-11D3-BF4B-00C04F79EFBC}") = "Mode7", "Samples\Mode7\Mode7.csproj", "{C9CDDE0A-233D-4A88-B70D-0B408CFE69E7}"
EndProject
Project("{9A19103F-16F7-4668-BE54-9A1E7A4F7556}") = "Racer", "Samples\Racer\Racer.csproj", "{369295DD-6E8B-496E-9641-197F4AEA99CE}"
EndProject
Project("{9A19103F-16F7-4668-BE54-9A1E7A4F7556}") = "Shadow", "Samples\Shadow\Shadow.csproj", "{CE729657-71A6-4144-9F72-BA8CFE71801F}"
EndProject
Project("{FAE04EC0-301F-11D3-BF4B-00C04F79EFBC}") = "Shooter", "Samples\Shooter\Shooter.csproj", "{4CFF4187-D6D8-4162-BA81-1D80D6D5A112}"
EndProject
Project("{FAE04EC0-301F-11D3-BF4B-00C04F79EFBC}") = "SuperMarioClone", "Samples\SuperMarioClone\SuperMarioClone.csproj", "{4E53FF37-C9D7-485C-97B9-D62466F6D5AD}"
EndProject
Project("{9A19103F-16F7-4668-BE54-9A1E7A4F7556}") = "TestMouse", "Samples\TestMouse\TestMouse.csproj", "{349044D4-B27C-4ADA-9E61-E5BE7C54C4E6}"
EndProject
Project("{FAE04EC0-301F-11D3-BF4B-00C04F79EFBC}") = "Wobble", "Samples\Wobble\Wobble.csproj", "{67323455-B83F-4F6D-A2AF-399838CD1EA2}"
EndProject
Global
	GlobalSection(SolutionConfigurationPlatforms) = preSolution
		Debug|Any CPU = Debug|Any CPU
		Release|Any CPU = Release|Any CPU
	EndGlobalSection
	GlobalSection(ProjectConfigurationPlatforms) = postSolution
		{59C171B2-3FD8-4C9C-9D4B-FADB320E10BC}.Debug|Any CPU.ActiveCfg = Debug|Any CPU
		{59C171B2-3FD8-4C9C-9D4B-FADB320E10BC}.Debug|Any CPU.Build.0 = Debug|Any CPU
		{59C171B2-3FD8-4C9C-9D4B-FADB320E10BC}.Release|Any CPU.ActiveCfg = Release|Any CPU
		{59C171B2-3FD8-4C9C-9D4B-FADB320E10BC}.Release|Any CPU.Build.0 = Release|Any CPU
		{D86F649B-9B77-4889-9BB5-5FC286607A04}.Debug|Any CPU.ActiveCfg = Debug|Any CPU
		{D86F649B-9B77-4889-9BB5-5FC286607A04}.Debug|Any CPU.Build.0 = Debug|Any CPU
		{D86F649B-9B77-4889-9BB5-5FC286607A04}.Release|Any CPU.ActiveCfg = Release|Any CPU
		{D86F649B-9B77-4889-9BB5-5FC286607A04}.Release|Any CPU.Build.0 = Release|Any CPU
		{4F1F0F37-A361-4944-8477-062EB90AC031}.Debug|Any CPU.ActiveCfg = Debug|Any CPU
		{4F1F0F37-A361-4944-8477-062EB90AC031}.Debug|Any CPU.Build.0 = Debug|Any CPU
		{4F1F0F37-A361-4944-8477-062EB90AC031}.Release|Any CPU.ActiveCfg = Release|Any CPU
		{4F1F0F37-A361-4944-8477-062EB90AC031}.Release|Any CPU.Build.0 = Release|Any CPU
		{BF75BCF9-1860-478E-B5DF-FC037EB6F09D}.Debug|Any CPU.ActiveCfg = Debug|Any CPU
		{BF75BCF9-1860-478E-B5DF-FC037EB6F09D}.Debug|Any CPU.Build.0 = Debug|Any CPU
		{BF75BCF9-1860-478E-B5DF-FC037EB6F09D}.Release|Any CPU.ActiveCfg = Release|Any CPU
		{BF75BCF9-1860-478E-B5DF-FC037EB6F09D}.Release|Any CPU.Build.0 = Release|Any CPU
		{030DD4C5-E7EB-4B2A-B8AB-AE3FE31EC781}.Debug|Any CPU.ActiveCfg = Debug|Any CPU
		{030DD4C5-E7EB-4B2A-B8AB-AE3FE31EC781}.Debug|Any CPU.Build.0 = Debug|Any CPU
		{030DD4C5-E7EB-4B2A-B8AB-AE3FE31EC781}.Release|Any CPU.ActiveCfg = Release|Any CPU
		{030DD4C5-E7EB-4B2A-B8AB-AE3FE31EC781}.Release|Any CPU.Build.0 = Release|Any CPU
		{C9CDDE0A-233D-4A88-B70D-0B408CFE69E7}.Debug|Any CPU.ActiveCfg = Debug|Any CPU
		{C9CDDE0A-233D-4A88-B70D-0B408CFE69E7}.Debug|Any CPU.Build.0 = Debug|Any CPU
		{C9CDDE0A-233D-4A88-B70D-0B408CFE69E7}.Release|Any CPU.ActiveCfg = Release|Any CPU
		{C9CDDE0A-233D-4A88-B70D-0B408CFE69E7}.Release|Any CPU.Build.0 = Release|Any CPU
		{369295DD-6E8B-496E-9641-197F4AEA99CE}.Debug|Any CPU.ActiveCfg = Debug|Any CPU
		{369295DD-6E8B-496E-9641-197F4AEA99CE}.Debug|Any CPU.Build.0 = Debug|Any CPU
		{369295DD-6E8B-496E-9641-197F4AEA99CE}.Release|Any CPU.ActiveCfg = Release|Any CPU
		{369295DD-6E8B-496E-9641-197F4AEA99CE}.Release|Any CPU.Build.0 = Release|Any CPU
		{CE729657-71A6-4144-9F72-BA8CFE71801F}.Debug|Any CPU.ActiveCfg = Debug|Any CPU
		{CE729657-71A6-4144-9F72-BA8CFE71801F}.Debug|Any CPU.Build.0 = Debug|Any CPU
		{CE729657-71A6-4144-9F72-BA8CFE71801F}.Release|Any CPU.ActiveCfg = Release|Any CPU
		{CE729657-71A6-4144-9F72-BA8CFE71801F}.Release|Any CPU.Build.0 = Release|Any CPU
		{4CFF4187-D6D8-4162-BA81-1D80D6D5A112}.Debug|Any CPU.ActiveCfg = Debug|Any CPU
		{4CFF4187-D6D8-4162-BA81-1D80D6D5A112}.Debug|Any CPU.Build.0 = Debug|Any CPU
		{4CFF4187-D6D8-4162-BA81-1D80D6D5A112}.Release|Any CPU.ActiveCfg = Release|Any CPU
		{4CFF4187-D6D8-4162-BA81-1D80D6D5A112}.Release|Any CPU.Build.0 = Release|Any CPU
		{4E53FF37-C9D7-485C-97B9-D62466F6D5AD}.Debug|Any CPU.ActiveCfg = Debug|Any CPU
		{4E53FF37-C9D7-485C-97B9-D62466F6D5AD}.Debug|Any CPU.Build.0 = Debug|Any CPU
		{4E53FF37-C9D7-485C-97B9-D62466F6D5AD}.Release|Any CPU.ActiveCfg = Release|Any CPU
		{4E53FF37-C9D7-485C-97B9-D62466F6D5AD}.Release|Any CPU.Build.0 = Release|Any CPU
		{349044D4-B27C-4ADA-9E61-E5BE7C54C4E6}.Debug|Any CPU.ActiveCfg = Debug|Any CPU
		{349044D4-B27C-4ADA-9E61-E5BE7C54C4E6}.Debug|Any CPU.Build.0 = Debug|Any CPU
		{349044D4-B27C-4ADA-9E61-E5BE7C54C4E6}.Release|Any CPU.ActiveCfg = Release|Any CPU
		{349044D4-B27C-4ADA-9E61-E5BE7C54C4E6}.Release|Any CPU.Build.0 = Release|Any CPU
		{67323455-B83F-4F6D-A2AF-399838CD1EA2}.Debug|Any CPU.ActiveCfg = Debug|Any CPU
		{67323455-B83F-4F6D-A2AF-399838CD1EA2}.Debug|Any CPU.Build.0 = Debug|Any CPU
		{67323455-B83F-4F6D-A2AF-399838CD1EA2}.Release|Any CPU.ActiveCfg = Release|Any CPU
		{67323455-B83F-4F6D-A2AF-399838CD1EA2}.Release|Any CPU.Build.0 = Release|Any CPU
	EndGlobalSection
	GlobalSection(SolutionProperties) = preSolution
		HideSolutionNode = FALSE
	EndGlobalSection
	GlobalSection(NestedProjects) = preSolution
		{D86F649B-9B77-4889-9BB5-5FC286607A04} = {89D86FEA-0AB4-48F5-93CE-6D0B113A2656}
		{4F1F0F37-A361-4944-8477-062EB90AC031} = {89D86FEA-0AB4-48F5-93CE-6D0B113A2656}
		{BF75BCF9-1860-478E-B5DF-FC037EB6F09D} = {89D86FEA-0AB4-48F5-93CE-6D0B113A2656}
		{030DD4C5-E7EB-4B2A-B8AB-AE3FE31EC781} = {89D86FEA-0AB4-48F5-93CE-6D0B113A2656}
		{C9CDDE0A-233D-4A88-B70D-0B408CFE69E7} = {89D86FEA-0AB4-48F5-93CE-6D0B113A2656}
		{369295DD-6E8B-496E-9641-197F4AEA99CE} = {89D86FEA-0AB4-48F5-93CE-6D0B113A2656}
		{CE729657-71A6-4144-9F72-BA8CFE71801F} = {89D86FEA-0AB4-48F5-93CE-6D0B113A2656}
		{4CFF4187-D6D8-4162-BA81-1D80D6D5A112} = {89D86FEA-0AB4-48F5-93CE-6D0B113A2656}
		{4E53FF37-C9D7-485C-97B9-D62466F6D5AD} = {89D86FEA-0AB4-48F5-93CE-6D0B113A2656}
		{349044D4-B27C-4ADA-9E61-E5BE7C54C4E6} = {89D86FEA-0AB4-48F5-93CE-6D0B113A2656}
		{67323455-B83F-4F6D-A2AF-399838CD1EA2} = {89D86FEA-0AB4-48F5-93CE-6D0B113A2656}
	EndGlobalSection
	GlobalSection(ExtensibilityGlobals) = postSolution
		SolutionGuid = {32DC305E-4409-484D-B4C7-6AF6BD20E898}
	EndGlobalSection
EndGlobal
