
Microsoft Visual Studio Solution File, Format Version 12.00
# Visual Studio Version 17
VisualStudioVersion = 17.0.32014.148
MinimumVisualStudioVersion = 10.0.40219.1
Project("{9A19103F-16F7-4668-BE54-9A1E7A4F7556}") = "CsTilengine", "CsTilengine\CsTilengine.csproj", "{59C171B2-3FD8-4C9C-9D4B-FADB320E10BC}"
EndProject
Project("{2150E333-8FDC-42A3-9474-1A3956D46DE8}") = "Samples", "Samples", "{89D86FEA-0AB4-48F5-93CE-6D0B113A2656}"
EndProject
Project("{9A19103F-16F7-4668-BE54-9A1E7A4F7556}") = "Barrel", "Samples\Barrel\Barrel.csproj", "{4F1F0F37-A361-4944-8477-062EB90AC031}"
EndProject
Project("{9A19103F-16F7-4668-BE54-9A1E7A4F7556}") = "Benchmark", "Samples\Benchmark\Benchmark.csproj", "{BF75BCF9-1860-478E-B5DF-FC037EB6F09D}"
EndProject
Project("{9A19103F-16F7-4668-BE54-9A1E7A4F7556}") = "ColorCycle", "Samples\ColorCycle\ColorCycle.csproj", "{030DD4C5-E7EB-4B2A-B8AB-AE3FE31EC781}"
EndProject
Project("{9A19103F-16F7-4668-BE54-9A1E7A4F7556}") = "Mode7", "Samples\Mode7\Mode7.csproj", "{C9CDDE0A-233D-4A88-B70D-0B408CFE69E7}"
EndProject
Project("{9A19103F-16F7-4668-BE54-9A1E7A4F7556}") = "Shadow", "Samples\Shadow\Shadow.csproj", "{CE729657-71A6-4144-9F72-BA8CFE71801F}"
EndProject
Project("{9A19103F-16F7-4668-BE54-9A1E7A4F7556}") = "TestMouse", "Samples\TestMouse\TestMouse.csproj", "{349044D4-B27C-4ADA-9E61-E5BE7C54C4E6}"
EndProject
Project("{9A19103F-16F7-4668-BE54-9A1E7A4F7556}") = "Scaling", "Samples\Scaling\Scaling.csproj", "{D12072A6-DD63-4FDD-BA2E-D199E76D8962}"
EndProject
Global
	GlobalSection(SolutionConfigurationPlatforms) = preSolution
		Debug|Any CPU = Debug|Any CPU
		Release|Any CPU = Release|Any CPU
	EndGlobalSection
	GlobalSection(ProjectConfigurationPlatforms) = postSolution
		{59C171B2-3FD8-4C9C-9D4B-FADB320E10BC}.Debug|Any CPU.ActiveCfg = Debug|Any CPU
		{59C171B2-3FD8-4C9C-9D4B-FADB320E10BC}.Debug|Any CPU.Build.0 = Debug|Any CPU
		{59C171B2-3FD8-4C9C-9D4B-FADB320E10BC}.Release|Any CPU.ActiveCfg = Release|Any CPU
		{59C171B2-3FD8-4C9C-9D4B-FADB320E10BC}.Release|Any CPU.Build.0 = Release|Any CPU
		{4F1F0F37-A361-4944-8477-062EB90AC031}.Debug|Any CPU.ActiveCfg = Debug|Any CPU
		{4F1F0F37-A361-4944-8477-062EB90AC031}.Debug|Any CPU.Build.0 = Debug|Any CPU
		{4F1F0F37-A361-4944-8477-062EB90AC031}.Release|Any CPU.ActiveCfg = Release|Any CPU
		{4F1F0F37-A361-4944-8477-062EB90AC031}.Release|Any CPU.Build.0 = Release|Any CPU
		{BF75BCF9-1860-478E-B5DF-FC037EB6F09D}.Debug|Any CPU.ActiveCfg = Debug|Any CPU
		{BF75BCF9-1860-478E-B5DF-FC037EB6F09D}.Debug|Any CPU.Build.0 = Debug|Any CPU
		{BF75BCF9-1860-478E-B5DF-FC037EB6F09D}.Release|Any CPU.ActiveCfg = Release|Any CPU
		{BF75BCF9-1860-478E-B5DF-FC037EB6F09D}.Release|Any CPU.Build.0 = Release|Any CPU
		{030DD4C5-E7EB-4B2A-B8AB-AE3FE31EC781}.Debug|Any CPU.ActiveCfg = Debug|Any CPU
		{030DD4C5-E7EB-4B2A-B8AB-AE3FE31EC781}.Debug|Any CPU.Build.0 = Debug|Any CPU
		{030DD4C5-E7EB-4B2A-B8AB-AE3FE31EC781}.Release|Any CPU.ActiveCfg = Release|Any CPU
		{030DD4C5-E7EB-4B2A-B8AB-AE3FE31EC781}.Release|Any CPU.Build.0 = Release|Any CPU
		{C9CDDE0A-233D-4A88-B70D-0B408CFE69E7}.Debug|Any CPU.ActiveCfg = Debug|Any CPU
		{C9CDDE0A-233D-4A88-B70D-0B408CFE69E7}.Debug|Any CPU.Build.0 = Debug|Any CPU
		{C9CDDE0A-233D-4A88-B70D-0B408CFE69E7}.Release|Any CPU.ActiveCfg = Release|Any CPU
		{C9CDDE0A-233D-4A88-B70D-0B408CFE69E7}.Release|Any CPU.Build.0 = Release|Any CPU
		{CE729657-71A6-4144-9F72-BA8CFE71801F}.Debug|Any CPU.ActiveCfg = Debug|Any CPU
		{CE729657-71A6-4144-9F72-BA8CFE71801F}.Debug|Any CPU.Build.0 = Debug|Any CPU
		{CE729657-71A6-4144-9F72-BA8CFE71801F}.Release|Any CPU.ActiveCfg = Release|Any CPU
		{CE729657-71A6-4144-9F72-BA8CFE71801F}.Release|Any CPU.Build.0 = Release|Any CPU
		{349044D4-B27C-4ADA-9E61-E5BE7C54C4E6}.Debug|Any CPU.ActiveCfg = Debug|Any CPU
		{349044D4-B27C-4ADA-9E61-E5BE7C54C4E6}.Debug|Any CPU.Build.0 = Debug|Any CPU
		{349044D4-B27C-4ADA-9E61-E5BE7C54C4E6}.Release|Any CPU.ActiveCfg = Release|Any CPU
		{349044D4-B27C-4ADA-9E61-E5BE7C54C4E6}.Release|Any CPU.Build.0 = Release|Any CPU
		{D12072A6-DD63-4FDD-BA2E-D199E76D8962}.Debug|Any CPU.ActiveCfg = Debug|Any CPU
		{D12072A6-DD63-4FDD-BA2E-D199E76D8962}.Debug|Any CPU.Build.0 = Debug|Any CPU
		{D12072A6-DD63-4FDD-BA2E-D199E76D8962}.Release|Any CPU.ActiveCfg = Release|Any CPU
		{D12072A6-DD63-4FDD-BA2E-D199E76D8962}.Release|Any CPU.Build.0 = Release|Any CPU
	EndGlobalSection
	GlobalSection(SolutionProperties) = preSolution
		HideSolutionNode = FALSE
	EndGlobalSection
	GlobalSection(NestedProjects) = preSolution
		{4F1F0F37-A361-4944-8477-062EB90AC031} = {89D86FEA-0AB4-48F5-93CE-6D0B113A2656}
		{BF75BCF9-1860-478E-B5DF-FC037EB6F09D} = {89D86FEA-0AB4-48F5-93CE-6D0B113A2656}
		{030DD4C5-E7EB-4B2A-B8AB-AE3FE31EC781} = {89D86FEA-0AB4-48F5-93CE-6D0B113A2656}
		{C9CDDE0A-233D-4A88-B70D-0B408CFE69E7} = {89D86FEA-0AB4-48F5-93CE-6D0B113A2656}
		{CE729657-71A6-4144-9F72-BA8CFE71801F} = {89D86FEA-0AB4-48F5-93CE-6D0B113A2656}
		{349044D4-B27C-4ADA-9E61-E5BE7C54C4E6} = {89D86FEA-0AB4-48F5-93CE-6D0B113A2656}
		{D12072A6-DD63-4FDD-BA2E-D199E76D8962} = {89D86FEA-0AB4-48F5-93CE-6D0B113A2656}
	EndGlobalSection
	GlobalSection(ExtensibilityGlobals) = postSolution
		SolutionGuid = {32DC305E-4409-484D-B4C7-6AF6BD20E898}
	EndGlobalSection
EndGlobal
